
Microsoft Visual Studio Solution File, Format Version 12.00
# Visual Studio Version 16
VisualStudioVersion = 16.0.31005.135
MinimumVisualStudioVersion = 10.0.40219.1
Project("{FAE04EC0-301F-11D3-BF4B-00C04F79EFBC}") = "project_euler.solutions", "project_euler.solutions\project_euler.solutions.csproj", "{EE7B5901-E737-44A4-A15D-9F417369C2FD}"
EndProject
Global
	GlobalSection(SolutionConfigurationPlatforms) = preSolution
		Debug|Any CPU = Debug|Any CPU
		Release|Any CPU = Release|Any CPU
	EndGlobalSection
	GlobalSection(ProjectConfigurationPlatforms) = postSolution
		{EE7B5901-E737-44A4-A15D-9F417369C2FD}.Debug|Any CPU.ActiveCfg = Debug|Any CPU
		{EE7B5901-E737-44A4-A15D-9F417369C2FD}.Debug|Any CPU.Build.0 = Debug|Any CPU
		{EE7B5901-E737-44A4-A15D-9F417369C2FD}.Release|Any CPU.ActiveCfg = Release|Any CPU
		{EE7B5901-E737-44A4-A15D-9F417369C2FD}.Release|Any CPU.Build.0 = Release|Any CPU
	EndGlobalSection
	GlobalSection(SolutionProperties) = preSolution
		HideSolutionNode = FALSE
	EndGlobalSection
	GlobalSection(ExtensibilityGlobals) = postSolution
		SolutionGuid = {7F99F4DD-64DA-492C-9D67-069A860720FE}
	EndGlobalSection
EndGlobal
